
Microsoft Visual Studio Solution File, Format Version 12.00
# Visual Studio Version 16
VisualStudioVersion = 16.0.32002.261
MinimumVisualStudioVersion = 10.0.40219.1
Project("{8BC9CEB8-8B4A-11D0-8D11-00A0C91BC942}") = "ChessConsolw", "ChessConsolw\ChessConsolw.vcxproj", "{C900D36F-F981-40EF-987A-C2CD234BB051}"
EndProject
Project("{8BC9CEB8-8B4A-11D0-8D11-00A0C91BC942}") = "ChessConsoleLaucnher", "..\ChessConsoleLaucnher\ChessConsoleLaucnher\ChessConsoleLaucnher.vcxproj", "{B3DEA3E8-6D82-4C27-8691-A39E6A9517A2}"
EndProject
Global
	GlobalSection(SolutionConfigurationPlatforms) = preSolution
		Debug|x64 = Debug|x64
		Debug|x86 = Debug|x86
		Release|x64 = Release|x64
		Release|x86 = Release|x86
	EndGlobalSection
	GlobalSection(ProjectConfigurationPlatforms) = postSolution
		{C900D36F-F981-40EF-987A-C2CD234BB051}.Debug|x64.ActiveCfg = Debug|x64
		{C900D36F-F981-40EF-987A-C2CD234BB051}.Debug|x64.Build.0 = Debug|x64
		{C900D36F-F981-40EF-987A-C2CD234BB051}.Debug|x86.ActiveCfg = Debug|Win32
		{C900D36F-F981-40EF-987A-C2CD234BB051}.Debug|x86.Build.0 = Debug|Win32
		{C900D36F-F981-40EF-987A-C2CD234BB051}.Release|x64.ActiveCfg = Release|x64
		{C900D36F-F981-40EF-987A-C2CD234BB051}.Release|x64.Build.0 = Release|x64
		{C900D36F-F981-40EF-987A-C2CD234BB051}.Release|x86.ActiveCfg = Release|Win32
		{C900D36F-F981-40EF-987A-C2CD234BB051}.Release|x86.Build.0 = Release|Win32
		{B3DEA3E8-6D82-4C27-8691-A39E6A9517A2}.Debug|x64.ActiveCfg = Debug|x64
		{B3DEA3E8-6D82-4C27-8691-A39E6A9517A2}.Debug|x64.Build.0 = Debug|x64
		{B3DEA3E8-6D82-4C27-8691-A39E6A9517A2}.Debug|x86.ActiveCfg = Debug|Win32
		{B3DEA3E8-6D82-4C27-8691-A39E6A9517A2}.Debug|x86.Build.0 = Debug|Win32
		{B3DEA3E8-6D82-4C27-8691-A39E6A9517A2}.Release|x64.ActiveCfg = Release|x64
		{B3DEA3E8-6D82-4C27-8691-A39E6A9517A2}.Release|x64.Build.0 = Release|x64
		{B3DEA3E8-6D82-4C27-8691-A39E6A9517A2}.Release|x86.ActiveCfg = Release|Win32
		{B3DEA3E8-6D82-4C27-8691-A39E6A9517A2}.Release|x86.Build.0 = Release|Win32
	EndGlobalSection
	GlobalSection(SolutionProperties) = preSolution
		HideSolutionNode = FALSE
	EndGlobalSection
	GlobalSection(ExtensibilityGlobals) = postSolution
		SolutionGuid = {02DF1AB8-8CCC-4720-8866-8059C4E8CF23}
	EndGlobalSection
EndGlobal
